// !$*UTF8*$!
{
	archiveVersion = 1;
	classes = {
	};
	objectVersion = 46;
	objects = {

/* Begin PBXBuildFile section */
		B90E3DDA1C4DC8F600595756 /* AppDelegate.swift in Sources */ = {isa = PBXBuildFile; fileRef = B90E3DD91C4DC8F600595756 /* AppDelegate.swift */; };
		B90E3DDC1C4DC8F600595756 /* ViewController.swift in Sources */ = {isa = PBXBuildFile; fileRef = B90E3DDB1C4DC8F600595756 /* ViewController.swift */; };
		B90E3DDF1C4DC8F600595756 /* Main.storyboard in Resources */ = {isa = PBXBuildFile; fileRef = B90E3DDD1C4DC8F600595756 /* Main.storyboard */; };
		B90E3DE11C4DC8F600595756 /* Assets.xcassets in Resources */ = {isa = PBXBuildFile; fileRef = B90E3DE01C4DC8F600595756 /* Assets.xcassets */; };
		B90E3DE41C4DC8F600595756 /* LaunchScreen.storyboard in Resources */ = {isa = PBXBuildFile; fileRef = B90E3DE21C4DC8F600595756 /* LaunchScreen.storyboard */; };
/* End PBXBuildFile section */

/* Begin PBXFileReference section */
		B90E3DD61C4DC8F600595756 /* pokedex.app */ = {isa = PBXFileReference; explicitFileType = wrapper.application; includeInIndex = 0; path = pokedex.app; sourceTree = BUILT_PRODUCTS_DIR; };
		B90E3DD91C4DC8F600595756 /* AppDelegate.swift */ = {isa = PBXFileReference; lastKnownFileType = sourcecode.swift; path = AppDelegate.swift; sourceTree = "<group>"; };
		B90E3DDB1C4DC8F600595756 /* ViewController.swift */ = {isa = PBXFileReference; lastKnownFileType = sourcecode.swift; path = ViewController.swift; sourceTree = "<group>"; };
		B90E3DDE1C4DC8F600595756 /* Base */ = {isa = PBXFileReference; lastKnownFileType = file.storyboard; name = Base; path = Base.lproj/Main.storyboard; sourceTree = "<group>"; };
		B90E3DE01C4DC8F600595756 /* Assets.xcassets */ = {isa = PBXFileReference; lastKnownFileType = folder.assetcatalog; path = Assets.xcassets; sourceTree = "<group>"; };
		B90E3DE31C4DC8F600595756 /* Base */ = {isa = PBXFileReference; lastKnownFileType = file.storyboard; name = Base; path = Base.lproj/LaunchScreen.storyboard; sourceTree = "<group>"; };
		B90E3DE51C4DC8F600595756 /* Info.plist */ = {isa = PBXFileReference; lastKnownFileType = text.plist.xml; path = Info.plist; sourceTree = "<group>"; };
/* End PBXFileReference section */

/* Begin PBXFrameworksBuildPhase section */
		B90E3DD31C4DC8F600595756 /* Frameworks */ = {
			isa = PBXFrameworksBuildPhase;
			buildActionMask = 2147483647;
			files = (
			);
			runOnlyForDeploymentPostprocessing = 0;
		};
/* End PBXFrameworksBuildPhase section */

/* Begin PBXGroup section */
		B90E3DCD1C4DC8F600595756 = {
			isa = PBXGroup;
			children = (
				B90E3DD81C4DC8F600595756 /* pokedex */,
				B90E3DD71C4DC8F600595756 /* Products */,
			);
			sourceTree = "<group>";
		};
		B90E3DD71C4DC8F600595756 /* Products */ = {
			isa = PBXGroup;
			children = (
				B90E3DD61C4DC8F600595756 /* pokedex.app */,
			);
			name = Products;
			sourceTree = "<group>";
		};
		B90E3DD81C4DC8F600595756 /* pokedex */ = {
			isa = PBXGroup;
			children = (
				B90E3DD91C4DC8F600595756 /* AppDelegate.swift */,
				B90E3DDB1C4DC8F600595756 /* ViewController.swift */,
				B90E3DDD1C4DC8F600595756 /* Main.storyboard */,
				B90E3DE01C4DC8F600595756 /* Assets.xcassets */,
				B90E3DE21C4DC8F600595756 /* LaunchScreen.storyboard */,
				B90E3DE51C4DC8F600595756 /* Info.plist */,
			);
			path = pokedex;
			sourceTree = "<group>";
		};
/* End PBXGroup section */

/* Begin PBXNativeTarget section */
		B90E3DD51C4DC8F600595756 /* pokedex */ = {
			isa = PBXNativeTarget;
			buildConfigurationList = B90E3DE81C4DC8F600595756 /* Build configuration list for PBXNativeTarget "pokedex" */;
			buildPhases = (
				B90E3DD21C4DC8F600595756 /* Sources */,
				B90E3DD31C4DC8F600595756 /* Frameworks */,
				B90E3DD41C4DC8F600595756 /* Resources */,
			);
			buildRules = (
			);
			dependencies = (
			);
			name = pokedex;
			productName = pokedex;
			productReference = B90E3DD61C4DC8F600595756 /* pokedex.app */;
			productType = "com.apple.product-type.application";
		};
/* End PBXNativeTarget section */

/* Begin PBXProject section */
		B90E3DCE1C4DC8F600595756 /* Project object */ = {
			isa = PBXProject;
			attributes = {
				LastSwiftUpdateCheck = 0720;
				LastUpgradeCheck = 0720;
				ORGANIZATIONNAME = "Shane Lupton";
				TargetAttributes = {
					B90E3DD51C4DC8F600595756 = {
						CreatedOnToolsVersion = 7.2;
					};
				};
			};
			buildConfigurationList = B90E3DD11C4DC8F600595756 /* Build configuration list for PBXProject "pokedex" */;
			compatibilityVersion = "Xcode 3.2";
			developmentRegion = English;
			hasScannedForEncodings = 0;
			knownRegions = (
				en,
				Base,
			);
			mainGroup = B90E3DCD1C4DC8F600595756;
			productRefGroup = B90E3DD71C4DC8F600595756 /* Products */;
			projectDirPath = "";
			projectRoot = "";
			targets = (
				B90E3DD51C4DC8F600595756 /* pokedex */,
			);
		};
/* End PBXProject section */

/* Begin PBXResourcesBuildPhase section */
		B90E3DD41C4DC8F600595756 /* Resources */ = {
			isa = PBXResourcesBuildPhase;
			buildActionMask = 2147483647;
			files = (
				B90E3DE41C4DC8F600595756 /* LaunchScreen.storyboard in Resources */,
				B90E3DE11C4DC8F600595756 /* Assets.xcassets in Resources */,
				B90E3DDF1C4DC8F600595756 /* Main.storyboard in Resources */,
			);
			runOnlyForDeploymentPostprocessing = 0;
		};
/* End PBXResourcesBuildPhase section */

/* Begin PBXSourcesBuildPhase section */
		B90E3DD21C4DC8F600595756 /* Sources */ = {
			isa = PBXSourcesBuildPhase;
			buildActionMask = 2147483647;
			files = (
				B90E3DDC1C4DC8F600595756 /* ViewController.swift in Sources */,
				B90E3DDA1C4DC8F600595756 /* AppDelegate.swift in Sources */,
			);
			runOnlyForDeploymentPostprocessing = 0;
		};
/* End PBXSourcesBuildPhase section */

/* Begin PBXVariantGroup section */
		B90E3DDD1C4DC8F600595756 /* Main.storyboard */ = {
			isa = PBXVariantGroup;
			children = (
				B90E3DDE1C4DC8F600595756 /* Base */,
			);
			name = Main.storyboard;
			sourceTree = "<group>";
		};
		B90E3DE21C4DC8F600595756 /* LaunchScreen.storyboard */ = {
			isa = PBXVariantGroup;
			children = (
				B90E3DE31C4DC8F600595756 /* Base */,
			);
			name = LaunchScreen.storyboard;
			sourceTree = "<group>";
		};
/* End PBXVariantGroup section */

/* Begin XCBuildConfiguration section */
		B90E3DE61C4DC8F600595756 /* Debug */ = {
			isa = XCBuildConfiguration;
			buildSettings = {
				ALWAYS_SEARCH_USER_PATHS = NO;
				CLANG_CXX_LANGUAGE_STANDARD = "gnu++0x";
				CLANG_CXX_LIBRARY = "libc++";
				CLANG_ENABLE_MODULES = YES;
				CLANG_ENABLE_OBJC_ARC = YES;
				CLANG_WARN_BOOL_CONVERSION = YES;
				CLANG_WARN_CONSTANT_CONVERSION = YES;
				CLANG_WARN_DIRECT_OBJC_ISA_USAGE = YES_ERROR;
				CLANG_WARN_EMPTY_BODY = YES;
				CLANG_WARN_ENUM_CONVERSION = YES;
				CLANG_WARN_INT_CONVERSION = YES;
				CLANG_WARN_OBJC_ROOT_CLASS = YES_ERROR;
				CLANG_WARN_UNREACHABLE_CODE = YES;
				CLANG_WARN__DUPLICATE_METHOD_MATCH = YES;
				"CODE_SIGN_IDENTITY[sdk=iphoneos*]" = "iPhone Developer";
				COPY_PHASE_STRIP = NO;
				DEBUG_INFORMATION_FORMAT = dwarf;
				ENABLE_STRICT_OBJC_MSGSEND = YES;
				ENABLE_TESTABILITY = YES;
				GCC_C_LANGUAGE_STANDARD = gnu99;
				GCC_DYNAMIC_NO_PIC = NO;
				GCC_NO_COMMON_BLOCKS = YES;
				GCC_OPTIMIZATION_LEVEL = 0;
				GCC_PREPROCESSOR_DEFINITIONS = (
					"DEBUG=1",
					"$(inherited)",
				);
				GCC_WARN_64_TO_32_BIT_CONVERSION = YES;
				GCC_WARN_ABOUT_RETURN_TYPE = YES_ERROR;
				GCC_WARN_UNDECLARED_SELECTOR = YES;
				GCC_WARN_UNINITIALIZED_AUTOS = YES_AGGRESSIVE;
				GCC_WARN_UNUSED_FUNCTION = YES;
				GCC_WARN_UNUSED_VARIABLE = YES;
				IPHONEOS_DEPLOYMENT_TARGET = 9.2;
				MTL_ENABLE_DEBUG_INFO = YES;
				ONLY_ACTIVE_ARCH = YES;
				SDKROOT = iphoneos;
				SWIFT_OPTIMIZATION_LEVEL = "-Onone";
				TARGETED_DEVICE_FAMILY = "1,2";
			};
			name = Debug;
		};
		B90E3DE71C4DC8F600595756 /* Release */ = {
			isa = XCBuildConfiguration;
			buildSettings = {
				ALWAYS_SEARCH_USER_PATHS = NO;
				CLANG_CXX_LANGUAGE_STANDARD = "gnu++0x";
				CLANG_CXX_LIBRARY = "libc++";
				CLANG_ENABLE_MODULES = YES;
				CLANG_ENABLE_OBJC_ARC = YES;
				CLANG_WARN_BOOL_CONVERSION = YES;
				CLANG_WARN_CONSTANT_CONVERSION = YES;
				CLANG_WARN_DIRECT_OBJC_ISA_USAGE = YES_ERROR;
				CLANG_WARN_EMPTY_BODY = YES;
				CLANG_WARN_ENUM_CONVERSION = YES;
				CLANG_WARN_INT_CONVERSION = YES;
				CLANG_WARN_OBJC_ROOT_CLASS = YES_ERROR;
				CLANG_WARN_UNREACHABLE_CODE = YES;
				CLANG_WARN__DUPLICATE_METHOD_MATCH = YES;
				"CODE_SIGN_IDENTITY[sdk=iphoneos*]" = "iPhone Developer";
				COPY_PHASE_STRIP = NO;
				DEBUG_INFORMATION_FORMAT = "dwarf-with-dsym";
				ENABLE_NS_ASSERTIONS = NO;
				ENABLE_STRICT_OBJC_MSGSEND = YES;
				GCC_C_LANGUAGE_STANDARD = gnu99;
				GCC_NO_COMMON_BLOCKS = YES;
				GCC_WARN_64_TO_32_BIT_CONVERSION = YES;
				GCC_WARN_ABOUT_RETURN_TYPE = YES_ERROR;
				GCC_WARN_UNDECLARED_SELECTOR = YES;
				GCC_WARN_UNINITIALIZED_AUTOS = YES_AGGRESSIVE;
				GCC_WARN_UNUSED_FUNCTION = YES;
				GCC_WARN_UNUSED_VARIABLE = YES;
				IPHONEOS_DEPLOYMENT_TARGET = 9.2;
				MTL_ENABLE_DEBUG_INFO = NO;
				SDKROOT = iphoneos;
				TARGETED_DEVICE_FAMILY = "1,2";
				VALIDATE_PRODUCT = YES;
			};
			name = Release;
		};
		B90E3DE91C4DC8F600595756 /* Debug */ = {
			isa = XCBuildConfiguration;
			buildSettings = {
				ASSETCATALOG_COMPILER_APPICON_NAME = AppIcon;
				INFOPLIST_FILE = pokedex/Info.plist;
				LD_RUNPATH_SEARCH_PATHS = "$(inherited) @executable_path/Frameworks";
				PRODUCT_BUNDLE_IDENTIFIER = com.shanelupton.pokedex;
				PRODUCT_NAME = "$(TARGET_NAME)";
			};
			name = Debug;
		};
		B90E3DEA1C4DC8F600595756 /* Release */ = {
			isa = XCBuildConfiguration;
			buildSettings = {
				ASSETCATALOG_COMPILER_APPICON_NAME = AppIcon;
				INFOPLIST_FILE = pokedex/Info.plist;
				LD_RUNPATH_SEARCH_PATHS = "$(inherited) @executable_path/Frameworks";
				PRODUCT_BUNDLE_IDENTIFIER = com.shanelupton.pokedex;
				PRODUCT_NAME = "$(TARGET_NAME)";
			};
			name = Release;
		};
/* End XCBuildConfiguration section */

/* Begin XCConfigurationList section */
		B90E3DD11C4DC8F600595756 /* Build configuration list for PBXProject "pokedex" */ = {
			isa = XCConfigurationList;
			buildConfigurations = (
				B90E3DE61C4DC8F600595756 /* Debug */,
				B90E3DE71C4DC8F600595756 /* Release */,
			);
			defaultConfigurationIsVisible = 0;
			defaultConfigurationName = Release;
		};
		B90E3DE81C4DC8F600595756 /* Build configuration list for PBXNativeTarget "pokedex" */ = {
			isa = XCConfigurationList;
			buildConfigurations = (
				B90E3DE91C4DC8F600595756 /* Debug */,
				B90E3DEA1C4DC8F600595756 /* Release */,
			);
			defaultConfigurationIsVisible = 0;
		};
/* End XCConfigurationList section */
	};
	rootObject = B90E3DCE1C4DC8F600595756 /* Project object */;
}
